Microsoft Visual Studio Solution File, Format Version 12.00
# Visual Studio Version 17
VisualStudioVersion = 17.5.2.0
MinimumVisualStudioVersion = 10.0.40219.1
Project("{FAE04EC0-301F-11D3-BF4B-00C04F79EFBC}") = "ConaApi", "ConaApi\ConaApi.csproj", "{9E3C6EDF-B1CE-14B9-36F3-2B6EC44F5467}"
EndProject
Global
	GlobalSection(SolutionConfigurationPlatforms) = preSolution
		Debug|Any CPU = Debug|Any CPU
		Release|Any CPU = Release|Any CPU
	EndGlobalSection
	GlobalSection(ProjectConfigurationPlatforms) = postSolution
		{9E3C6EDF-B1CE-14B9-36F3-2B6EC44F5467}.Debug|Any CPU.ActiveCfg = Debug|Any CPU
		{9E3C6EDF-B1CE-14B9-36F3-2B6EC44F5467}.Debug|Any CPU.Build.0 = Debug|Any CPU
		{9E3C6EDF-B1CE-14B9-36F3-2B6EC44F5467}.Release|Any CPU.ActiveCfg = Release|Any CPU
		{9E3C6EDF-B1CE-14B9-36F3-2B6EC44F5467}.Release|Any CPU.Build.0 = Release|Any CPU
	EndGlobalSection
	GlobalSection(SolutionProperties) = preSolution
		HideSolutionNode = FALSE
	EndGlobalSection
	GlobalSection(ExtensibilityGlobals) = postSolution
		SolutionGuid = {68F93D0E-65C4-4F60-87E2-D4C71212F1EF}
	EndGlobalSection
EndGlobal
